
Microsoft Visual Studio Solution File, Format Version 12.00
Project("{FAE04EC0-301F-11D3-BF4B-00C04F79EFBC}") = "EduHome", "EduHome\EduHome.csproj", "{2B4CD603-558A-449C-861C-4FE8E29C9C4B}"
EndProject
Project("{FAE04EC0-301F-11D3-BF4B-00C04F79EFBC}") = "DAL", "DAL\DAL.csproj", "{AC9BD14A-E17C-4AEB-AD5B-1A53CFE44E28}"
EndProject
Project("{FAE04EC0-301F-11D3-BF4B-00C04F79EFBC}") = "Business", "Business\Business.csproj", "{631DAAED-8CAD-453E-AC8C-0320901AB6CB}"
EndProject
Global
	GlobalSection(SolutionConfigurationPlatforms) = preSolution
		Debug|Any CPU = Debug|Any CPU
		Release|Any CPU = Release|Any CPU
	EndGlobalSection
	GlobalSection(ProjectConfigurationPlatforms) = postSolution
		{2B4CD603-558A-449C-861C-4FE8E29C9C4B}.Debug|Any CPU.ActiveCfg = Debug|Any CPU
		{2B4CD603-558A-449C-861C-4FE8E29C9C4B}.Debug|Any CPU.Build.0 = Debug|Any CPU
		{2B4CD603-558A-449C-861C-4FE8E29C9C4B}.Release|Any CPU.ActiveCfg = Release|Any CPU
		{2B4CD603-558A-449C-861C-4FE8E29C9C4B}.Release|Any CPU.Build.0 = Release|Any CPU
		{AC9BD14A-E17C-4AEB-AD5B-1A53CFE44E28}.Debug|Any CPU.ActiveCfg = Debug|Any CPU
		{AC9BD14A-E17C-4AEB-AD5B-1A53CFE44E28}.Debug|Any CPU.Build.0 = Debug|Any CPU
		{AC9BD14A-E17C-4AEB-AD5B-1A53CFE44E28}.Release|Any CPU.ActiveCfg = Release|Any CPU
		{AC9BD14A-E17C-4AEB-AD5B-1A53CFE44E28}.Release|Any CPU.Build.0 = Release|Any CPU
		{631DAAED-8CAD-453E-AC8C-0320901AB6CB}.Debug|Any CPU.ActiveCfg = Debug|Any CPU
		{631DAAED-8CAD-453E-AC8C-0320901AB6CB}.Debug|Any CPU.Build.0 = Debug|Any CPU
		{631DAAED-8CAD-453E-AC8C-0320901AB6CB}.Release|Any CPU.ActiveCfg = Release|Any CPU
		{631DAAED-8CAD-453E-AC8C-0320901AB6CB}.Release|Any CPU.Build.0 = Release|Any CPU
	EndGlobalSection
EndGlobal
